{
  "name": "iris-comments",
  "version": "1.0.0",
  "lockfileVersion": 3,
  "requires": true,
  "packages": {
    "": {
      "name": "iris-comments",
      "version": "1.0.0",
      "license": "MIT",
      "devDependencies": {
        "@expo/vector-icons": "^14.1.0",
        "@types/react": "^18.2.0",
        "@types/react-native": "^0.72.0",
        "typescript": "^5.0.0"
      },
      "peerDependencies": {
        "@expo/vector-icons": ">=13.0.0",
        "react": ">=18.0.0",
        "react-native": ">=0.70.0",
        "react-native-safe-area-context": ">=4.0.0"
      }
    },
    "node_modules/@expo/vector-icons": {
      "version": "14.1.0",
      "resolved": "https://registry.npmjs.org/@expo/vector-icons/-/vector-icons-14.1.0.tgz",
      "integrity": "sha512-7T09UE9h8QDTsUeMGymB4i+iqvtEeaO5VvUjryFB4tugDTG/bkzViWA74hm5pfjjDEhYMXWaX112mcvhccmIwQ==",
      "dev": true,
      "license": "MIT",
      "peerDependencies": {
        "expo-font": "*",
        "react": "*",
        "react-native": "*"
      }
    },
    "node_modules/@react-native/virtualized-lists": {
      "version": "0.72.8",
      "dev": true,
      "license": "MIT",
      "dependencies": {
        "invariant": "^2.2.4",
        "nullthrows": "^1.1.1"
      },
      "peerDependencies": {
        "react-native": "*"
      }
    },
    "node_modules/@types/prop-types": {
      "version": "15.7.15",
      "dev": true,
      "license": "MIT"
    },
    "node_modules/@types/react": {
      "version": "18.3.27",
      "dev": true,
      "license": "MIT",
      "dependencies": {
        "@types/prop-types": "*",
        "csstype": "^3.2.2"
      }
    },
    "node_modules/@types/react-native": {
      "version": "0.72.8",
      "dev": true,
      "license": "MIT",
      "dependencies": {
        "@react-native/virtualized-lists": "^0.72.4",
        "@types/react": "*"
      }
    },
    "node_modules/csstype": {
      "version": "3.2.3",
      "dev": true,
      "license": "MIT"
    },
    "node_modules/invariant": {
      "version": "2.2.4",
      "dev": true,
      "license": "MIT",
      "dependencies": {
        "loose-envify": "^1.0.0"
      }
    },
    "node_modules/js-tokens": {
      "version": "4.0.0",
      "dev": true,
      "license": "MIT"
    },
    "node_modules/loose-envify": {
      "version": "1.4.0",
      "dev": true,
      "license": "MIT",
      "dependencies": {
        "js-tokens": "^3.0.0 || ^4.0.0"
      },
      "bin": {
        "loose-envify": "cli.js"
      }
    },
    "node_modules/nullthrows": {
      "version": "1.1.1",
      "dev": true,
      "license": "MIT"
    },
    "node_modules/typescript": {
      "version": "5.9.3",
      "dev": true,
      "license": "Apache-2.0",
      "bin": {
        "tsc": "bin/tsc",
        "tsserver": "bin/tsserver"
      },
      "engines": {
        "node": ">=14.17"
      }
    }
  }
}
